// !$*UTF8*$!
{
	archiveVersion = 1;
	classes = {
	};
	objectVersion = 46;
	objects = {

/* Begin PBXBuildFile section */
		EE03206C1ECA0FEF00E4269B /* AppDelegate.swift in Sources */ = {isa = PBXBuildFile; fileRef = EE03206B1ECA0FEF00E4269B /* AppDelegate.swift */; };
		EE03206E1ECA0FEF00E4269B /* ViewController.swift in Sources */ = {isa = PBXBuildFile; fileRef = EE03206D1ECA0FEF00E4269B /* ViewController.swift */; };
		EE0320711ECA0FEF00E4269B /* Main.storyboard in Resources */ = {isa = PBXBuildFile; fileRef = EE03206F1ECA0FEF00E4269B /* Main.storyboard */; };
		EE0320731ECA0FEF00E4269B /* Assets.xcassets in Resources */ = {isa = PBXBuildFile; fileRef = EE0320721ECA0FEF00E4269B /* Assets.xcassets */; };
		EE0320761ECA0FEF00E4269B /* LaunchScreen.storyboard in Resources */ = {isa = PBXBuildFile; fileRef = EE0320741ECA0FEF00E4269B /* LaunchScreen.storyboard */; };
		EE94B9891ECA554900AA4A51 /* Exercise.swift in Sources */ = {isa = PBXBuildFile; fileRef = EE94B9881ECA554900AA4A51 /* Exercise.swift */; };
/* End PBXBuildFile section */

/* Begin PBXFileReference section */
		EE0320681ECA0FEF00E4269B /* CalorieCalc.app */ = {isa = PBXFileReference; explicitFileType = wrapper.application; includeInIndex = 0; path = CalorieCalc.app; sourceTree = BUILT_PRODUCTS_DIR; };
		EE03206B1ECA0FEF00E4269B /* AppDelegate.swift */ = {isa = PBXFileReference; lastKnownFileType = sourcecode.swift; path = AppDelegate.swift; sourceTree = "<group>"; };
		EE03206D1ECA0FEF00E4269B /* ViewController.swift */ = {isa = PBXFileReference; lastKnownFileType = sourcecode.swift; path = ViewController.swift; sourceTree = "<group>"; };
		EE0320701ECA0FEF00E4269B /* Base */ = {isa = PBXFileReference; lastKnownFileType = file.storyboard; name = Base; path = Base.lproj/Main.storyboard; sourceTree = "<group>"; };
		EE0320721ECA0FEF00E4269B /* Assets.xcassets */ = {isa = PBXFileReference; lastKnownFileType = folder.assetcatalog; path = Assets.xcassets; sourceTree = "<group>"; };
		EE0320751ECA0FEF00E4269B /* Base */ = {isa = PBXFileReference; lastKnownFileType = file.storyboard; name = Base; path = Base.lproj/LaunchScreen.storyboard; sourceTree = "<group>"; };
		EE0320771ECA0FEF00E4269B /* Info.plist */ = {isa = PBXFileReference; lastKnownFileType = text.plist.xml; path = Info.plist; sourceTree = "<group>"; };
		EE94B9871ECA2B3D00AA4A51 /* MyPlayground.playground */ = {isa = PBXFileReference; lastKnownFileType = file.playground; path = MyPlayground.playground; sourceTree = "<group>"; };
		EE94B9881ECA554900AA4A51 /* Exercise.swift */ = {isa = PBXFileReference; fileEncoding = 4; lastKnownFileType = sourcecode.swift; path = Exercise.swift; sourceTree = "<group>"; };
/* End PBXFileReference section */

/* Begin PBXFrameworksBuildPhase section */
		EE0320651ECA0FEF00E4269B /* Frameworks */ = {
			isa = PBXFrameworksBuildPhase;
			buildActionMask = 2147483647;
			files = (
			);
			runOnlyForDeploymentPostprocessing = 0;
		};
/* End PBXFrameworksBuildPhase section */

/* Begin PBXGroup section */
		EE03205F1ECA0FEF00E4269B = {
			isa = PBXGroup;
			children = (
				EE03206A1ECA0FEF00E4269B /* CalorieCalc */,
				EE0320691ECA0FEF00E4269B /* Products */,
			);
			sourceTree = "<group>";
		};
		EE0320691ECA0FEF00E4269B /* Products */ = {
			isa = PBXGroup;
			children = (
				EE0320681ECA0FEF00E4269B /* CalorieCalc.app */,
			);
			name = Products;
			sourceTree = "<group>";
		};
		EE03206A1ECA0FEF00E4269B /* CalorieCalc */ = {
			isa = PBXGroup;
			children = (
				EE03206B1ECA0FEF00E4269B /* AppDelegate.swift */,
				EE03206D1ECA0FEF00E4269B /* ViewController.swift */,
				EE03206F1ECA0FEF00E4269B /* Main.storyboard */,
				EE94B9881ECA554900AA4A51 /* Exercise.swift */,
				EE94B9871ECA2B3D00AA4A51 /* MyPlayground.playground */,
				EE0320721ECA0FEF00E4269B /* Assets.xcassets */,
				EE0320741ECA0FEF00E4269B /* LaunchScreen.storyboard */,
				EE0320771ECA0FEF00E4269B /* Info.plist */,
			);
			path = CalorieCalc;
			sourceTree = "<group>";
		};
/* End PBXGroup section */

/* Begin PBXNativeTarget section */
		EE0320671ECA0FEF00E4269B /* CalorieCalc */ = {
			isa = PBXNativeTarget;
			buildConfigurationList = EE03207A1ECA0FEF00E4269B /* Build configuration list for PBXNativeTarget "CalorieCalc" */;
			buildPhases = (
				EE0320641ECA0FEF00E4269B /* Sources */,
				EE0320651ECA0FEF00E4269B /* Frameworks */,
				EE0320661ECA0FEF00E4269B /* Resources */,
			);
			buildRules = (
			);
			dependencies = (
			);
			name = CalorieCalc;
			productName = CalorieCalc;
			productReference = EE0320681ECA0FEF00E4269B /* CalorieCalc.app */;
			productType = "com.apple.product-type.application";
		};
/* End PBXNativeTarget section */

/* Begin PBXProject section */
		EE0320601ECA0FEF00E4269B /* Project object */ = {
			isa = PBXProject;
			attributes = {
				LastSwiftUpdateCheck = 0830;
				LastUpgradeCheck = 0830;
				ORGANIZATIONNAME = "";
				TargetAttributes = {
					EE0320671ECA0FEF00E4269B = {
						CreatedOnToolsVersion = 8.3.2;
						ProvisioningStyle = Automatic;
					};
				};
			};
			buildConfigurationList = EE0320631ECA0FEF00E4269B /* Build configuration list for PBXProject "CalorieCalc" */;
			compatibilityVersion = "Xcode 3.2";
			developmentRegion = English;
			hasScannedForEncodings = 0;
			knownRegions = (
				en,
				Base,
			);
			mainGroup = EE03205F1ECA0FEF00E4269B;
			productRefGroup = EE0320691ECA0FEF00E4269B /* Products */;
			projectDirPath = "";
			projectRoot = "";
			targets = (
				EE0320671ECA0FEF00E4269B /* CalorieCalc */,
			);
		};
/* End PBXProject section */

/* Begin PBXResourcesBuildPhase section */
		EE0320661ECA0FEF00E4269B /* Resources */ = {
			isa = PBXResourcesBuildPhase;
			buildActionMask = 2147483647;
			files = (
				EE0320761ECA0FEF00E4269B /* LaunchScreen.storyboard in Resources */,
				EE0320731ECA0FEF00E4269B /* Assets.xcassets in Resources */,
				EE0320711ECA0FEF00E4269B /* Main.storyboard in Resources */,
			);
			runOnlyForDeploymentPostprocessing = 0;
		};
/* End PBXResourcesBuildPhase section */

/* Begin PBXSourcesBuildPhase section */
		EE0320641ECA0FEF00E4269B /* Sources */ = {
			isa = PBXSourcesBuildPhase;
			buildActionMask = 2147483647;
			files = (
				EE03206E1ECA0FEF00E4269B /* ViewController.swift in Sources */,
				EE03206C1ECA0FEF00E4269B /* AppDelegate.swift in Sources */,
				EE94B9891ECA554900AA4A51 /* Exercise.swift in Sources */,
			);
			runOnlyForDeploymentPostprocessing = 0;
		};
/* End PBXSourcesBuildPhase section */

/* Begin PBXVariantGroup section */
		EE03206F1ECA0FEF00E4269B /* Main.storyboard */ = {
			isa = PBXVariantGroup;
			children = (
				EE0320701ECA0FEF00E4269B /* Base */,
			);
			name = Main.storyboard;
			sourceTree = "<group>";
		};
		EE0320741ECA0FEF00E4269B /* LaunchScreen.storyboard */ = {
			isa = PBXVariantGroup;
			children = (
				EE0320751ECA0FEF00E4269B /* Base */,
			);
			name = LaunchScreen.storyboard;
			sourceTree = "<group>";
		};
/* End PBXVariantGroup section */

/* Begin XCBuildConfiguration section */
		EE0320781ECA0FEF00E4269B /* Debug */ = {
			isa = XCBuildConfiguration;
			buildSettings = {
				ALWAYS_SEARCH_USER_PATHS = NO;
				CLANG_ANALYZER_NONNULL = YES;
				CLANG_ANALYZER_NUMBER_OBJECT_CONVERSION = YES_AGGRESSIVE;
				CLANG_CXX_LANGUAGE_STANDARD = "gnu++0x";
				CLANG_CXX_LIBRARY = "libc++";
				CLANG_ENABLE_MODULES = YES;
				CLANG_ENABLE_OBJC_ARC = YES;
				CLANG_WARN_BOOL_CONVERSION = YES;
				CLANG_WARN_CONSTANT_CONVERSION = YES;
				CLANG_WARN_DIRECT_OBJC_ISA_USAGE = YES_ERROR;
				CLANG_WARN_DOCUMENTATION_COMMENTS = YES;
				CLANG_WARN_EMPTY_BODY = YES;
				CLANG_WARN_ENUM_CONVERSION = YES;
				CLANG_WARN_INFINITE_RECURSION = YES;
				CLANG_WARN_INT_CONVERSION = YES;
				CLANG_WARN_OBJC_ROOT_CLASS = YES_ERROR;
				CLANG_WARN_SUSPICIOUS_MOVE = YES;
				CLANG_WARN_UNREACHABLE_CODE = YES;
				CLANG_WARN__DUPLICATE_METHOD_MATCH = YES;
				"CODE_SIGN_IDENTITY[sdk=iphoneos*]" = "iPhone Developer";
				COPY_PHASE_STRIP = NO;
				DEBUG_INFORMATION_FORMAT = dwarf;
				ENABLE_STRICT_OBJC_MSGSEND = YES;
				ENABLE_TESTABILITY = YES;
				GCC_C_LANGUAGE_STANDARD = gnu99;
				GCC_DYNAMIC_NO_PIC = NO;
				GCC_NO_COMMON_BLOCKS = YES;
				GCC_OPTIMIZATION_LEVEL = 0;
				GCC_PREPROCESSOR_DEFINITIONS = (
					"DEBUG=1",
					"$(inherited)",
				);
				GCC_WARN_64_TO_32_BIT_CONVERSION = YES;
				GCC_WARN_ABOUT_RETURN_TYPE = YES_ERROR;
				GCC_WARN_UNDECLARED_SELECTOR = YES;
				GCC_WARN_UNINITIALIZED_AUTOS = YES_AGGRESSIVE;
				GCC_WARN_UNUSED_FUNCTION = YES;
				GCC_WARN_UNUSED_VARIABLE = YES;
				IPHONEOS_DEPLOYMENT_TARGET = 10.3;
				MTL_ENABLE_DEBUG_INFO = YES;
				ONLY_ACTIVE_ARCH = YES;
				SDKROOT = iphoneos;
				SWIFT_ACTIVE_COMPILATION_CONDITIONS = DEBUG;
				SWIFT_OPTIMIZATION_LEVEL = "-Onone";
				TARGETED_DEVICE_FAMILY = "1,2";
			};
			name = Debug;
		};
		EE0320791ECA0FEF00E4269B /* Release */ = {
			isa = XCBuildConfiguration;
			buildSettings = {
				ALWAYS_SEARCH_USER_PATHS = NO;
				CLANG_ANALYZER_NONNULL = YES;
				CLANG_ANALYZER_NUMBER_OBJECT_CONVERSION = YES_AGGRESSIVE;
				CLANG_CXX_LANGUAGE_STANDARD = "gnu++0x";
				CLANG_CXX_LIBRARY = "libc++";
				CLANG_ENABLE_MODULES = YES;
				CLANG_ENABLE_OBJC_ARC = YES;
				CLANG_WARN_BOOL_CONVERSION = YES;
				CLANG_WARN_CONSTANT_CONVERSION = YES;
				CLANG_WARN_DIRECT_OBJC_ISA_USAGE = YES_ERROR;
				CLANG_WARN_DOCUMENTATION_COMMENTS = YES;
				CLANG_WARN_EMPTY_BODY = YES;
				CLANG_WARN_ENUM_CONVERSION = YES;
				CLANG_WARN_INFINITE_RECURSION = YES;
				CLANG_WARN_INT_CONVERSION = YES;
				CLANG_WARN_OBJC_ROOT_CLASS = YES_ERROR;
				CLANG_WARN_SUSPICIOUS_MOVE = YES;
				CLANG_WARN_UNREACHABLE_CODE = YES;
				CLANG_WARN__DUPLICATE_METHOD_MATCH = YES;
				"CODE_SIGN_IDENTITY[sdk=iphoneos*]" = "iPhone Developer";
				COPY_PHASE_STRIP = NO;
				DEBUG_INFORMATION_FORMAT = "dwarf-with-dsym";
				ENABLE_NS_ASSERTIONS = NO;
				ENABLE_STRICT_OBJC_MSGSEND = YES;
				GCC_C_LANGUAGE_STANDARD = gnu99;
				GCC_NO_COMMON_BLOCKS = YES;
				GCC_WARN_64_TO_32_BIT_CONVERSION = YES;
				GCC_WARN_ABOUT_RETURN_TYPE = YES_ERROR;
				GCC_WARN_UNDECLARED_SELECTOR = YES;
				GCC_WARN_UNINITIALIZED_AUTOS = YES_AGGRESSIVE;
				GCC_WARN_UNUSED_FUNCTION = YES;
				GCC_WARN_UNUSED_VARIABLE = YES;
				IPHONEOS_DEPLOYMENT_TARGET = 10.3;
				MTL_ENABLE_DEBUG_INFO = NO;
				SDKROOT = iphoneos;
				SWIFT_OPTIMIZATION_LEVEL = "-Owholemodule";
				TARGETED_DEVICE_FAMILY = "1,2";
				VALIDATE_PRODUCT = YES;
			};
			name = Release;
		};
		EE03207B1ECA0FEF00E4269B /* Debug */ = {
			isa = XCBuildConfiguration;
			buildSettings = {
				ASSETCATALOG_COMPILER_APPICON_NAME = AppIcon;
				INFOPLIST_FILE = CalorieCalc/Info.plist;
				LD_RUNPATH_SEARCH_PATHS = "$(inherited) @executable_path/Frameworks";
				PRODUCT_BUNDLE_IDENTIFIER = com.bignerdrach.CalorieCalc;
				PRODUCT_NAME = "$(TARGET_NAME)";
				SWIFT_VERSION = 3.0;
			};
			name = Debug;
		};
		EE03207C1ECA0FEF00E4269B /* Release */ = {
			isa = XCBuildConfiguration;
			buildSettings = {
				ASSETCATALOG_COMPILER_APPICON_NAME = AppIcon;
				INFOPLIST_FILE = CalorieCalc/Info.plist;
				LD_RUNPATH_SEARCH_PATHS = "$(inherited) @executable_path/Frameworks";
				PRODUCT_BUNDLE_IDENTIFIER = com.bignerdrach.CalorieCalc;
				PRODUCT_NAME = "$(TARGET_NAME)";
				SWIFT_VERSION = 3.0;
			};
			name = Release;
		};
/* End XCBuildConfiguration section */

/* Begin XCConfigurationList section */
		EE0320631ECA0FEF00E4269B /* Build configuration list for PBXProject "CalorieCalc" */ = {
			isa = XCConfigurationList;
			buildConfigurations = (
				EE0320781ECA0FEF00E4269B /* Debug */,
				EE0320791ECA0FEF00E4269B /* Release */,
			);
			defaultConfigurationIsVisible = 0;
			defaultConfigurationName = Release;
		};
		EE03207A1ECA0FEF00E4269B /* Build configuration list for PBXNativeTarget "CalorieCalc" */ = {
			isa = XCConfigurationList;
			buildConfigurations = (
				EE03207B1ECA0FEF00E4269B /* Debug */,
				EE03207C1ECA0FEF00E4269B /* Release */,
			);
			defaultConfigurationIsVisible = 0;
			defaultConfigurationName = Release;
		};
/* End XCConfigurationList section */
	};
	rootObject = EE0320601ECA0FEF00E4269B /* Project object */;
}
